
Microsoft Visual Studio Solution File, Format Version 12.00
# Visual Studio Version 17
VisualStudioVersion = 17.5.002.0
MinimumVisualStudioVersion = 10.0.40219.1
Project("{9A19103F-16F7-4668-BE54-9A1E7A4F7556}") = "C-REINVENTWHEEL", "C-REINVENTWHEEL.csproj", "{C293E8BA-D32A-4080-9105-1EC99DE9C75B}"
EndProject
Global
	GlobalSection(SolutionConfigurationPlatforms) = preSolution
		Debug|Any CPU = Debug|Any CPU
		Release|Any CPU = Release|Any CPU
	EndGlobalSection
	GlobalSection(ProjectConfigurationPlatforms) = postSolution
		{C293E8BA-D32A-4080-9105-1EC99DE9C75B}.Debug|Any CPU.ActiveCfg = Debug|Any CPU
		{C293E8BA-D32A-4080-9105-1EC99DE9C75B}.Debug|Any CPU.Build.0 = Debug|Any CPU
		{C293E8BA-D32A-4080-9105-1EC99DE9C75B}.Release|Any CPU.ActiveCfg = Release|Any CPU
		{C293E8BA-D32A-4080-9105-1EC99DE9C75B}.Release|Any CPU.Build.0 = Release|Any CPU
	EndGlobalSection
	GlobalSection(SolutionProperties) = preSolution
		HideSolutionNode = FALSE
	EndGlobalSection
	GlobalSection(ExtensibilityGlobals) = postSolution
		SolutionGuid = {186647C0-93D7-46FF-A30D-CF56ABD3A091}
	EndGlobalSection
EndGlobal
